PODS:
  - AppCenter (2.3.0):
    - AppCenter/Analytics (= 2.3.0)
    - AppCenter/Crashes (= 2.3.0)
  - AppCenter/Analytics (2.3.0):
    - AppCenter/Core
  - AppCenter/Core (2.3.0)
  - AppCenter/Crashes (2.3.0):
    - AppCenter/Core
  - Bolts (1.9.0):
    - Bolts/AppLinks (= 1.9.0)
    - Bolts/Tasks (= 1.9.0)
  - Bolts/AppLinks (1.9.0):
    - Bolts/Tasks
  - Bolts/Tasks (1.9.0)
  - BoringSSL-GRPC (0.0.3):
    - BoringSSL-GRPC/Implementation (= 0.0.3)
    - BoringSSL-GRPC/Interface (= 0.0.3)
  - BoringSSL-GRPC/Implementation (0.0.3):
    - BoringSSL-GRPC/Interface (= 0.0.3)
  - BoringSSL-GRPC/Interface (0.0.3)
  - Crashlytics (3.11.1):
    - Fabric (~> 1.8.1)
  - CropViewController (2.5.2)
  - DKCamera (1.6.7)
  - DKImagePickerController (4.2.2):
    - DKImagePickerController/Camera (= 4.2.2)
    - DKImagePickerController/Core (= 4.2.2)
    - DKImagePickerController/ImageDataManager (= 4.2.2)
    - DKImagePickerController/InlineCamera (= 4.2.2)
    - DKImagePickerController/PhotoEditor (= 4.2.2)
    - DKImagePickerController/PhotoGallery (= 4.2.2)
    - DKImagePickerController/Resource (= 4.2.2)
  - DKImagePickerController/Camera (4.2.2):
    - DKCamera
    - DKImagePickerController/Core
  - DKImagePickerController/Core (4.2.2):
    - DKImagePickerController/ImageDataManager
    - DKImagePickerController/Resource
  - DKImagePickerController/ImageDataManager (4.2.2)
  - DKImagePickerController/InlineCamera (4.2.2):
    - DKCamera
    - DKImagePickerController/Core
  - DKImagePickerController/PhotoEditor (4.2.2):
    - CropViewController (~> 2.5)
    - DKImagePickerController/Core
  - DKImagePickerController/PhotoGallery (4.2.2):
    - DKImagePickerController/Core
    - DKPhotoGallery
  - DKImagePickerController/Resource (4.2.2)
  - DKPhotoGallery (0.0.12):
    - DKPhotoGallery/Core (= 0.0.12)
    - DKPhotoGallery/Model (= 0.0.12)
    - DKPhotoGallery/Preview (= 0.0.12)
    - DKPhotoGallery/Resource (= 0.0.12)
    - SDWebImage/GIF
  - DKPhotoGallery/Core (0.0.12):
    - DKPhotoGallery/Model
    - DKPhotoGallery/Preview
    - SDWebImage/GIF
  - DKPhotoGallery/Model (0.0.12):
    - SDWebImage/GIF
  - DKPhotoGallery/Preview (0.0.12):
    - DKPhotoGallery/Model
    - DKPhotoGallery/Resource
    - SDWebImage/GIF
  - DKPhotoGallery/Resource (0.0.12):
    - SDWebImage/GIF
  - Fabric (1.8.2)
  - FBSDKCoreKit (6.3.0):
    - FBSDKCoreKit/Basics (= 6.3.0)
    - FBSDKCoreKit/Core (= 6.3.0)
  - FBSDKCoreKit/Basics (6.3.0)
  - FBSDKCoreKit/Core (6.3.0):
    - FBSDKCoreKit/Basics
  - FBSDKLoginKit (6.3.0):
    - FBSDKLoginKit/Login (= 6.3.0)
  - FBSDKLoginKit/Login (6.3.0):
    - FBSDKCoreKit (~> 6.3.0)
  - Firebase/Auth (4.9.0):
    - Firebase/Core
    - FirebaseAuth (= 4.4.3)
  - Firebase/Core (4.9.0):
    - FirebaseAnalytics (= 4.0.9)
    - FirebaseCore (= 4.0.15)
  - Firebase/Database (4.9.0):
    - Firebase/Core
    - FirebaseDatabase (= 4.1.4)
  - Firebase/Firestore (4.9.0):
    - Firebase/Core
    - FirebaseFirestore (= 0.10.1)
  - Firebase/Messaging (4.9.0):
    - Firebase/Core
    - FirebaseMessaging (= 2.1.0)
  - Firebase/Storage (4.9.0):
    - Firebase/Core
    - FirebaseStorage (= 2.1.2)
  - FirebaseAnalytics (4.0.9):
    - FirebaseCore (~> 4.0)
    - FirebaseInstanceID (~> 2.0)
    - "GoogleToolboxForMac/NSData+zlib (~> 2.1)"
    - nanopb (~> 0.3)
  - FirebaseAuth (4.4.3):
    - FirebaseAnalytics (~> 4.0)
    - "GoogleToolboxForMac/NSDictionary+URLArguments (~> 2.1)"
    - GTMSessionFetcher/Core (~> 1.1)
  - FirebaseCore (4.0.15):
    - "GoogleToolboxForMac/NSData+zlib (~> 2.1)"
  - FirebaseDatabase (4.1.4):
    - FirebaseAnalytics (~> 4.0)
    - FirebaseCore (~> 4.0)
    - leveldb-library (~> 1.18)
  - FirebaseFirestore (0.10.1):
    - FirebaseAnalytics (~> 4.0)
    - FirebaseCore (~> 4.0)
    - gRPC-ProtoRPC (~> 1.0)
    - leveldb-library (~> 1.18)
    - Protobuf (~> 3.1)
  - FirebaseInstanceID (2.0.9):
    - FirebaseCore (~> 4.0)
  - FirebaseMessaging (2.1.0):
    - FirebaseAnalytics (~> 4.0)
    - FirebaseCore (~> 4.0)
    - FirebaseInstanceID (~> 2.0)
    - GoogleToolboxForMac/Logger (~> 2.1)
    - Protobuf (~> 3.1)
  - FirebaseStorage (2.1.2):
    - FirebaseAnalytics (~> 4.0)
    - FirebaseCore (~> 4.0)
    - GTMSessionFetcher/Core (~> 1.1)
  - FLAnimatedImage (1.0.12)
  - FZAccordionTableView (0.2.3)
  - GoogleToolboxForMac/DebugUtils (2.1.3):
    - GoogleToolboxForMac/Defines (= 2.1.3)
  - GoogleToolboxForMac/Defines (2.1.3)
  - GoogleToolboxForMac/Logger (2.1.3):
    - GoogleToolboxForMac/Defines (= 2.1.3)
  - "GoogleToolboxForMac/NSData+zlib (2.1.3)":
    - GoogleToolboxForMac/Defines (= 2.1.3)
  - "GoogleToolboxForMac/NSDictionary+URLArguments (2.1.3)":
    - GoogleToolboxForMac/DebugUtils (= 2.1.3)
    - GoogleToolboxForMac/Defines (= 2.1.3)
    - "GoogleToolboxForMac/NSString+URLArguments (= 2.1.3)"
  - "GoogleToolboxForMac/NSString+URLArguments (2.1.3)"
  - gRPC (1.23.0):
    - gRPC-RxLibrary (= 1.23.0)
    - gRPC/Main (= 1.23.0)
  - gRPC-Core (1.23.0):
    - gRPC-Core/Implementation (= 1.23.0)
    - gRPC-Core/Interface (= 1.23.0)
  - gRPC-Core/Implementation (1.23.0):
    - BoringSSL-GRPC (= 0.0.3)
    - gRPC-Core/Interface (= 1.23.0)
    - nanopb (~> 0.3)
  - gRPC-Core/Interface (1.23.0)
  - gRPC-ProtoRPC (1.23.0):
    - gRPC-ProtoRPC/Main (= 1.23.0)
  - gRPC-ProtoRPC/Main (1.23.0):
    - gRPC (= 1.23.0)
    - gRPC-RxLibrary (= 1.23.0)
    - Protobuf (~> 3.0)
  - gRPC-RxLibrary (1.23.0)
  - gRPC/Main (1.23.0):
    - gRPC-Core (= 1.23.0)
    - gRPC-RxLibrary (= 1.23.0)
  - GTMSessionFetcher/Core (1.1.13)
  - IQKeyboardManagerSwift (6.5.0)
  - JSQMessagesViewController (7.3.5):
    - JSQSystemSoundPlayer (~> 2.0.1)
  - JSQSystemSoundPlayer (2.0.1)
  - Kingfisher (5.13.3):
    - Kingfisher/Core (= 5.13.3)
  - Kingfisher/Core (5.13.3)
  - leveldb-library (1.20)
  - nanopb (0.3.8):
    - nanopb/decode (= 0.3.8)
    - nanopb/encode (= 0.3.8)
  - nanopb/decode (0.3.8)
  - nanopb/encode (0.3.8)
  - NYTPhotoViewer (2.0.0):
    - NYTPhotoViewer/AnimatedGifSupport (= 2.0.0)
    - NYTPhotoViewer/Core (= 2.0.0)
  - NYTPhotoViewer/AnimatedGifSupport (2.0.0):
    - FLAnimatedImage (~> 1.0.12)
    - NYTPhotoViewer/Core
  - NYTPhotoViewer/Core (2.0.0)
  - PhotoSlider (1.1.0):
    - Kingfisher
  - Protobuf (3.9.0)
  - Realm (4.4.0):
    - Realm/Headers (= 4.4.0)
  - Realm/Headers (4.4.0)
  - RealmSwift (4.4.0):
    - Realm (= 4.4.0)
  - SDWebImage (4.3.0):
    - SDWebImage/Core (= 4.3.0)
  - SDWebImage/Core (4.3.0)
  - SDWebImage/GIF (4.3.0):
    - FLAnimatedImage (~> 1.0)
    - SDWebImage/Core
  - SkyFloatingLabelTextField (3.8.0)
  - SVProgressHUD (2.2.5)
  - SwipeCellKit (2.7.1)

DEPENDENCIES:
  - AppCenter
  - Bolts
  - Crashlytics (= 3.11.1)
  - DKImagePickerController (from `https://github.com/zhangao0086/DKImagePickerController.git`, branch `develop`)
  - Fabric (= 1.8.2)
  - FBSDKCoreKit
  - FBSDKLoginKit
  - Firebase/Auth
  - Firebase/Core
  - Firebase/Database
  - Firebase/Firestore
  - Firebase/Messaging
  - Firebase/Storage
  - FZAccordionTableView
  - IQKeyboardManagerSwift (= 6.5.0)
  - JSQMessagesViewController
  - NYTPhotoViewer
  - PhotoSlider
  - Realm (from `https://github.com/realm/realm-cocoa.git`, branch `master`)
  - RealmSwift (from `https://github.com/realm/realm-cocoa.git`, branch `master`)
  - SDWebImage
  - SkyFloatingLabelTextField (~> 3.0)
  - SVProgressHUD
  - SwipeCellKit

SPEC REPOS:
  https://github.com/CocoaPods/Specs.git:
    - AppCenter
    - Bolts
    - BoringSSL-GRPC
    - Crashlytics
    - Fabric
    - Firebase
    - FirebaseAnalytics
    - FirebaseAuth
    - FirebaseCore
    - FirebaseDatabase
    - FirebaseFirestore
    - FirebaseInstanceID
    - FirebaseStorage
    - FLAnimatedImage
    - FZAccordionTableView
    - GoogleToolboxForMac
    - gRPC
    - gRPC-Core
    - gRPC-ProtoRPC
    - gRPC-RxLibrary
    - GTMSessionFetcher
    - IQKeyboardManagerSwift
    - JSQMessagesViewController
    - JSQSystemSoundPlayer
    - Kingfisher
    - leveldb-library
    - nanopb
    - NYTPhotoViewer
    - PhotoSlider
    - Protobuf
    - SDWebImage
    - SkyFloatingLabelTextField
    - SVProgressHUD
    - SwipeCellKit
  trunk:
    - CropViewController
    - DKCamera
    - DKPhotoGallery
    - FBSDKCoreKit
    - FBSDKLoginKit
    - FirebaseMessaging

EXTERNAL SOURCES:
  DKImagePickerController:
    :branch: develop
    :git: https://github.com/zhangao0086/DKImagePickerController.git
  Realm:
    :branch: master
    :git: https://github.com/realm/realm-cocoa.git
    :submodules: true
  RealmSwift:
    :branch: master
    :git: https://github.com/realm/realm-cocoa.git
    :submodules: true

CHECKOUT OPTIONS:
  DKImagePickerController:
    :commit: 661d41401ad9b10fdbc98eabd0103e694c513b49
    :git: https://github.com/zhangao0086/DKImagePickerController.git
  Realm:
    :commit: caa07880d6bd728d1b560332e3e60ff96952539a
    :git: https://github.com/realm/realm-cocoa.git
    :submodules: true
  RealmSwift:
    :commit: caa07880d6bd728d1b560332e3e60ff96952539a
    :git: https://github.com/realm/realm-cocoa.git
    :submodules: true

SPEC CHECKSUMS:
  AppCenter: 9784d2fc998c9bd0b8fbaf4fb9ed69526d12ce1a
  Bolts: ac6567323eac61e203f6a9763667d0f711be34c8
  BoringSSL-GRPC: db8764df3204ccea016e1c8dd15d9a9ad63ff318
  Crashlytics: ca7ab4bc304aa216bdc2e4c1a96389ee77252203
  CropViewController: 1aac40093c5739e60d992b04724a55d12a689a4c
  DKCamera: a902b66921fca14b7a75266feb8c7568aa7caa71
  DKImagePickerController: 4a3e7948a848c4348e600b3fe5ce41478835fa10
  DKPhotoGallery: 1b4d65d9a485dfdd2002f22daa5b955eafb350ea
  Fabric: d2b22f443ba195d8a7cc204da230977c72733b40
  FBSDKCoreKit: 5d55c8f3007c9c49b793617b9102e46355fc7e17
  FBSDKLoginKit: d46aa04d9bb9990a4deb6441736fae24a8c94496
  Firebase: 632216af3ed7f31e3be34776947fdc7546cfb572
  FirebaseAnalytics: 388b630c15713f5dbf364071f5f3d6077fb52f4e
  FirebaseAuth: aaaf68d5064a6c8fec435758f83a43b8db26ccaa
  FirebaseCore: 3bd047463058fa6b5d312c97502c52e45401cdfb
  FirebaseDatabase: de4446507ccd3257fca37d16f40e1540324571fd
  FirebaseFirestore: a6db7a47c6a47d26069892d7db39f7792f2f7f9a
  FirebaseInstanceID: d2058a35e9bebda1b6dd42486b84917bde552a9d
  FirebaseMessaging: 2bafab2d0f3ab3dfd753101c2c32995c2051b5da
  FirebaseStorage: 181bb543d39ee3c53e0558de7ba86b1286a0427f
  FLAnimatedImage: 4a0b56255d9b05f18b6dd7ee06871be5d3b89e31
  FZAccordionTableView: e64f49c71c32d750feda14025b088bcd25d1a71f
  GoogleToolboxForMac: 2501e2ad72a52eb3dfe7bd9aee7dad11b858bd20
  gRPC: 5cb33c61d537df129fb07e49b5358247d2125311
  gRPC-Core: 7b92f07eda10faeb5aa3c8441c97cd40eaa5dbf3
  gRPC-ProtoRPC: 6f4f7dafdabd68f5b14ec30a801ec8e820d4f01e
  gRPC-RxLibrary: 7172f64310c12f6d033f1657f7e5ebf71ae35cb5
  GTMSessionFetcher: 5bb1eae636127de695590f50e7d248483eb891e6
  IQKeyboardManagerSwift: 6cd19976c6e871907c4ed9127c2d3affdd4defc2
  JSQMessagesViewController: 6587f56aedbcb150a8ba1d968e1ef58b1bc758b7
  JSQSystemSoundPlayer: c5850e77a4363ffd374cd851154b9af93264ed8d
  Kingfisher: d2b3d6a7200c93b34de9afcdf25c8dd9282ec277
  leveldb-library: 08cba283675b7ed2d99629a4bc5fd052cd2bb6a5
  nanopb: 5601e6bca2dbf1ed831b519092ec110f66982ca3
  NYTPhotoViewer: 34b8bd6bcc297466adec1668f9a01249d73c90e6
  PhotoSlider: be8d6cae5b95b94ea60a744390ebd93c3f0f0551
  Protobuf: 1097ca58584c8d9be81bfbf2c5ff5975648dd87a
  Realm: e125f464884cda953ebefe70c671b75b03b81b9b
  RealmSwift: 33656a42bd300959a081fc13347376bc478071af
  SDWebImage: 6da6c8bca115addc4de8613362e1b15f66333825
  SkyFloatingLabelTextField: 5a338412114808e961fe2d14ea2c5452c8b6e4aa
  SVProgressHUD: 1428aafac632c1f86f62aa4243ec12008d7a51d6
  SwipeCellKit: 3972254a826da74609926daf59b08d6c72e619ea

PODFILE CHECKSUM: 0d0cb1b2991bfe5b56782543c9f7c9670ee24774

COCOAPODS: 1.9.1
